
Microsoft Visual Studio Solution File, Format Version 12.00
# Visual Studio Version 17
VisualStudioVersion = 17.12.35527.113 d17.12
MinimumVisualStudioVersion = 10.0.40219.1
Project("{FAE04EC0-301F-11D3-BF4B-00C04F79EFBC}") = "Rishoni2", "Rishoni2\Rishoni2.csproj", "{ABFFF5B1-BAC0-47B3-9D8C-5B6F1F4E841B}"
EndProject
Global
	GlobalSection(SolutionConfigurationPlatforms) = preSolution
		Debug|Any CPU = Debug|Any CPU
		Release|Any CPU = Release|Any CPU
	EndGlobalSection
	GlobalSection(ProjectConfigurationPlatforms) = postSolution
		{ABFFF5B1-BAC0-47B3-9D8C-5B6F1F4E841B}.Debug|Any CPU.ActiveCfg = Debug|Any CPU
		{ABFFF5B1-BAC0-47B3-9D8C-5B6F1F4E841B}.Debug|Any CPU.Build.0 = Debug|Any CPU
		{ABFFF5B1-BAC0-47B3-9D8C-5B6F1F4E841B}.Release|Any CPU.ActiveCfg = Release|Any CPU
		{ABFFF5B1-BAC0-47B3-9D8C-5B6F1F4E841B}.Release|Any CPU.Build.0 = Release|Any CPU
	EndGlobalSection
	GlobalSection(SolutionProperties) = preSolution
		HideSolutionNode = FALSE
	EndGlobalSection
EndGlobal
