
Microsoft Visual Studio Solution File, Format Version 12.00
# Visual Studio Version 17
VisualStudioVersion = 17.12.35527.113 d17.12
MinimumVisualStudioVersion = 10.0.40219.1
Project("{FAE04EC0-301F-11D3-BF4B-00C04F79EFBC}") = "Arrays3", "Arrays3\Arrays3.csproj", "{379756E0-BC78-403C-A742-7F72572D7F4C}"
EndProject
Global
	GlobalSection(SolutionConfigurationPlatforms) = preSolution
		Debug|Any CPU = Debug|Any CPU
		Release|Any CPU = Release|Any CPU
	EndGlobalSection
	GlobalSection(ProjectConfigurationPlatforms) = postSolution
		{379756E0-BC78-403C-A742-7F72572D7F4C}.Debug|Any CPU.ActiveCfg = Debug|Any CPU
		{379756E0-BC78-403C-A742-7F72572D7F4C}.Debug|Any CPU.Build.0 = Debug|Any CPU
		{379756E0-BC78-403C-A742-7F72572D7F4C}.Release|Any CPU.ActiveCfg = Release|Any CPU
		{379756E0-BC78-403C-A742-7F72572D7F4C}.Release|Any CPU.Build.0 = Release|Any CPU
	EndGlobalSection
	GlobalSection(SolutionProperties) = preSolution
		HideSolutionNode = FALSE
	EndGlobalSection
EndGlobal
