
Microsoft Visual Studio Solution File, Format Version 12.00
# Visual Studio Version 17
VisualStudioVersion = 17.12.35527.113 d17.12
MinimumVisualStudioVersion = 10.0.40219.1
Project("{FAE04EC0-301F-11D3-BF4B-00C04F79EFBC}") = "octal2", "octal2\octal2.csproj", "{2E209AD2-F473-4455-94E0-D797B13D1A5B}"
EndProject
Global
	GlobalSection(SolutionConfigurationPlatforms) = preSolution
		Debug|Any CPU = Debug|Any CPU
		Release|Any CPU = Release|Any CPU
	EndGlobalSection
	GlobalSection(ProjectConfigurationPlatforms) = postSolution
		{2E209AD2-F473-4455-94E0-D797B13D1A5B}.Debug|Any CPU.ActiveCfg = Debug|Any CPU
		{2E209AD2-F473-4455-94E0-D797B13D1A5B}.Debug|Any CPU.Build.0 = Debug|Any CPU
		{2E209AD2-F473-4455-94E0-D797B13D1A5B}.Release|Any CPU.ActiveCfg = Release|Any CPU
		{2E209AD2-F473-4455-94E0-D797B13D1A5B}.Release|Any CPU.Build.0 = Release|Any CPU
	EndGlobalSection
	GlobalSection(SolutionProperties) = preSolution
		HideSolutionNode = FALSE
	EndGlobalSection
EndGlobal
