
Microsoft Visual Studio Solution File, Format Version 12.00
# Visual Studio Version 17
VisualStudioVersion = 17.12.35527.113 d17.12
MinimumVisualStudioVersion = 10.0.40219.1
Project("{FAE04EC0-301F-11D3-BF4B-00C04F79EFBC}") = "string4.2", "string4.2\string4.2.csproj", "{421E6BEF-C3B9-43BE-B3DC-7C27B33D5B8E}"
EndProject
Global
	GlobalSection(SolutionConfigurationPlatforms) = preSolution
		Debug|Any CPU = Debug|Any CPU
		Release|Any CPU = Release|Any CPU
	EndGlobalSection
	GlobalSection(ProjectConfigurationPlatforms) = postSolution
		{421E6BEF-C3B9-43BE-B3DC-7C27B33D5B8E}.Debug|Any CPU.ActiveCfg = Debug|Any CPU
		{421E6BEF-C3B9-43BE-B3DC-7C27B33D5B8E}.Debug|Any CPU.Build.0 = Debug|Any CPU
		{421E6BEF-C3B9-43BE-B3DC-7C27B33D5B8E}.Release|Any CPU.ActiveCfg = Release|Any CPU
		{421E6BEF-C3B9-43BE-B3DC-7C27B33D5B8E}.Release|Any CPU.Build.0 = Release|Any CPU
	EndGlobalSection
	GlobalSection(SolutionProperties) = preSolution
		HideSolutionNode = FALSE
	EndGlobalSection
EndGlobal
