
Microsoft Visual Studio Solution File, Format Version 12.00
# Visual Studio Version 17
VisualStudioVersion = 17.12.35527.113 d17.12
MinimumVisualStudioVersion = 10.0.40219.1
Project("{FAE04EC0-301F-11D3-BF4B-00C04F79EFBC}") = "else1", "else1\else1.csproj", "{F96E9539-31ED-4FB9-AFD3-DF9B954EEFBC}"
EndProject
Global
	GlobalSection(SolutionConfigurationPlatforms) = preSolution
		Debug|Any CPU = Debug|Any CPU
		Release|Any CPU = Release|Any CPU
	EndGlobalSection
	GlobalSection(ProjectConfigurationPlatforms) = postSolution
		{F96E9539-31ED-4FB9-AFD3-DF9B954EEFBC}.Debug|Any CPU.ActiveCfg = Debug|Any CPU
		{F96E9539-31ED-4FB9-AFD3-DF9B954EEFBC}.Debug|Any CPU.Build.0 = Debug|Any CPU
		{F96E9539-31ED-4FB9-AFD3-DF9B954EEFBC}.Release|Any CPU.ActiveCfg = Release|Any CPU
		{F96E9539-31ED-4FB9-AFD3-DF9B954EEFBC}.Release|Any CPU.Build.0 = Release|Any CPU
	EndGlobalSection
	GlobalSection(SolutionProperties) = preSolution
		HideSolutionNode = FALSE
	EndGlobalSection
EndGlobal
