
Microsoft Visual Studio Solution File, Format Version 12.00
# Visual Studio Version 17
VisualStudioVersion = 17.12.35527.113 d17.12
MinimumVisualStudioVersion = 10.0.40219.1
Project("{FAE04EC0-301F-11D3-BF4B-00C04F79EFBC}") = "machrozet", "machrozet\machrozet.csproj", "{DBCC72BB-8632-4424-8E54-2F4CD37BB1C3}"
EndProject
Global
	GlobalSection(SolutionConfigurationPlatforms) = preSolution
		Debug|Any CPU = Debug|Any CPU
		Release|Any CPU = Release|Any CPU
	EndGlobalSection
	GlobalSection(ProjectConfigurationPlatforms) = postSolution
		{DBCC72BB-8632-4424-8E54-2F4CD37BB1C3}.Debug|Any CPU.ActiveCfg = Debug|Any CPU
		{DBCC72BB-8632-4424-8E54-2F4CD37BB1C3}.Debug|Any CPU.Build.0 = Debug|Any CPU
		{DBCC72BB-8632-4424-8E54-2F4CD37BB1C3}.Release|Any CPU.ActiveCfg = Release|Any CPU
		{DBCC72BB-8632-4424-8E54-2F4CD37BB1C3}.Release|Any CPU.Build.0 = Release|Any CPU
	EndGlobalSection
	GlobalSection(SolutionProperties) = preSolution
		HideSolutionNode = FALSE
	EndGlobalSection
EndGlobal
