
Microsoft Visual Studio Solution File, Format Version 12.00
# Visual Studio Version 17
VisualStudioVersion = 17.12.35527.113 d17.12
MinimumVisualStudioVersion = 10.0.40219.1
Project("{FAE04EC0-301F-11D3-BF4B-00C04F79EFBC}") = "Matrix_Jagged", "Matrix_Jagged\Matrix_Jagged.csproj", "{A62F09B6-7988-415D-935B-D739DB819B75}"
EndProject
Global
	GlobalSection(SolutionConfigurationPlatforms) = preSolution
		Debug|Any CPU = Debug|Any CPU
		Release|Any CPU = Release|Any CPU
	EndGlobalSection
	GlobalSection(ProjectConfigurationPlatforms) = postSolution
		{A62F09B6-7988-415D-935B-D739DB819B75}.Debug|Any CPU.ActiveCfg = Debug|Any CPU
		{A62F09B6-7988-415D-935B-D739DB819B75}.Debug|Any CPU.Build.0 = Debug|Any CPU
		{A62F09B6-7988-415D-935B-D739DB819B75}.Release|Any CPU.ActiveCfg = Release|Any CPU
		{A62F09B6-7988-415D-935B-D739DB819B75}.Release|Any CPU.Build.0 = Release|Any CPU
	EndGlobalSection
	GlobalSection(SolutionProperties) = preSolution
		HideSolutionNode = FALSE
	EndGlobalSection
EndGlobal
